
Microsoft Visual Studio Solution File, Format Version 12.00
# Visual Studio 2012
Project("{FAE04EC0-301F-11D3-BF4B-00C04F79EFBC}") = "MathParserBL", "MathParserBL\MathParserBL.csproj", "{BBF5D792-2676-4DAE-9312-407A6CDB0E3F}"
EndProject
Project("{FAE04EC0-301F-11D3-BF4B-00C04F79EFBC}") = "MathParserTester", "MathParseTester\MathParserTester.csproj", "{711755A0-22C1-41E6-8BBC-8E37ACDE39ED}"
EndProject
Project("{FAE04EC0-301F-11D3-BF4B-00C04F79EFBC}") = "MathParserWEB", "MathParserWEB\MathParserWEB.csproj", "{B9552880-5EA2-4D05-BB88-BA143B516DC4}"
EndProject
Global
	GlobalSection(SolutionConfigurationPlatforms) = preSolution
		Debug|Any CPU = Debug|Any CPU
		Release|Any CPU = Release|Any CPU
	EndGlobalSection
	GlobalSection(ProjectConfigurationPlatforms) = postSolution
		{BBF5D792-2676-4DAE-9312-407A6CDB0E3F}.Debug|Any CPU.ActiveCfg = Debug|Any CPU
		{BBF5D792-2676-4DAE-9312-407A6CDB0E3F}.Debug|Any CPU.Build.0 = Debug|Any CPU
		{BBF5D792-2676-4DAE-9312-407A6CDB0E3F}.Release|Any CPU.ActiveCfg = Release|Any CPU
		{BBF5D792-2676-4DAE-9312-407A6CDB0E3F}.Release|Any CPU.Build.0 = Release|Any CPU
		{711755A0-22C1-41E6-8BBC-8E37ACDE39ED}.Debug|Any CPU.ActiveCfg = Debug|Any CPU
		{711755A0-22C1-41E6-8BBC-8E37ACDE39ED}.Debug|Any CPU.Build.0 = Debug|Any CPU
		{711755A0-22C1-41E6-8BBC-8E37ACDE39ED}.Release|Any CPU.ActiveCfg = Release|Any CPU
		{711755A0-22C1-41E6-8BBC-8E37ACDE39ED}.Release|Any CPU.Build.0 = Release|Any CPU
		{B9552880-5EA2-4D05-BB88-BA143B516DC4}.Debug|Any CPU.ActiveCfg = Debug|Any CPU
		{B9552880-5EA2-4D05-BB88-BA143B516DC4}.Debug|Any CPU.Build.0 = Debug|Any CPU
		{B9552880-5EA2-4D05-BB88-BA143B516DC4}.Release|Any CPU.ActiveCfg = Release|Any CPU
		{B9552880-5EA2-4D05-BB88-BA143B516DC4}.Release|Any CPU.Build.0 = Release|Any CPU
	EndGlobalSection
	GlobalSection(SolutionProperties) = preSolution
		HideSolutionNode = FALSE
	EndGlobalSection
EndGlobal
